
Microsoft Visual Studio Solution File, Format Version 12.00
# Visual Studio Version 17
VisualStudioVersion = 17.3.32825.248
MinimumVisualStudioVersion = 10.0.40219.1
Project("{8BC9CEB8-8B4A-11D0-8D11-00A0C91BC942}") = "-LectureWork-01-25-23-", "-LectureWork-01-25-23-\-LectureWork-01-25-23-.vcxproj", "{0F74C715-AD30-40D8-B0DB-9B0E19D6A537}"
EndProject
Global
	GlobalSection(SolutionConfigurationPlatforms) = preSolution
		Debug|x64 = Debug|x64
		Debug|x86 = Debug|x86
		Release|x64 = Release|x64
		Release|x86 = Release|x86
	EndGlobalSection
	GlobalSection(ProjectConfigurationPlatforms) = postSolution
		{0F74C715-AD30-40D8-B0DB-9B0E19D6A537}.Debug|x64.ActiveCfg = Debug|x64
		{0F74C715-AD30-40D8-B0DB-9B0E19D6A537}.Debug|x64.Build.0 = Debug|x64
		{0F74C715-AD30-40D8-B0DB-9B0E19D6A537}.Debug|x86.ActiveCfg = Debug|Win32
		{0F74C715-AD30-40D8-B0DB-9B0E19D6A537}.Debug|x86.Build.0 = Debug|Win32
		{0F74C715-AD30-40D8-B0DB-9B0E19D6A537}.Release|x64.ActiveCfg = Release|x64
		{0F74C715-AD30-40D8-B0DB-9B0E19D6A537}.Release|x64.Build.0 = Release|x64
		{0F74C715-AD30-40D8-B0DB-9B0E19D6A537}.Release|x86.ActiveCfg = Release|Win32
		{0F74C715-AD30-40D8-B0DB-9B0E19D6A537}.Release|x86.Build.0 = Release|Win32
	EndGlobalSection
	GlobalSection(SolutionProperties) = preSolution
		HideSolutionNode = FALSE
	EndGlobalSection
	GlobalSection(ExtensibilityGlobals) = postSolution
		SolutionGuid = {BE926594-E0C6-404D-9007-8F6E8CF894F1}
	EndGlobalSection
EndGlobal
